
Microsoft Visual Studio Solution File, Format Version 12.00
Project("{FAE04EC0-301F-11D3-BF4B-00C04F79EFBC}") = "VendingMachine", "VendingMachine\VendingMachine.csproj", "{75128F09-10F5-4FCB-BE58-78C09C6A4818}"
EndProject
Global
	GlobalSection(SolutionConfigurationPlatforms) = preSolution
		Debug|Any CPU = Debug|Any CPU
		Release|Any CPU = Release|Any CPU
	EndGlobalSection
	GlobalSection(ProjectConfigurationPlatforms) = postSolution
		{75128F09-10F5-4FCB-BE58-78C09C6A4818}.Debug|Any CPU.ActiveCfg = Debug|Any CPU
		{75128F09-10F5-4FCB-BE58-78C09C6A4818}.Debug|Any CPU.Build.0 = Debug|Any CPU
		{75128F09-10F5-4FCB-BE58-78C09C6A4818}.Release|Any CPU.ActiveCfg = Release|Any CPU
		{75128F09-10F5-4FCB-BE58-78C09C6A4818}.Release|Any CPU.Build.0 = Release|Any CPU
	EndGlobalSection
EndGlobal
